
Microsoft Visual Studio Solution File, Format Version 12.00
# Visual Studio 14
VisualStudioVersion = 14.0.24720.0
MinimumVisualStudioVersion = 10.0.40219.1
Project("{FAE04EC0-301F-11D3-BF4B-00C04F79EFBC}") = "SoundBoardLive", "SoundBoardLive\SoundBoardLive.csproj", "{6156107B-54A4-41B3-953D-A2C708A3C493}"
EndProject
Global
	GlobalSection(SolutionConfigurationPlatforms) = preSolution
		Debug|Any CPU = Debug|Any CPU
		Release|Any CPU = Release|Any CPU
	EndGlobalSection
	GlobalSection(ProjectConfigurationPlatforms) = postSolution
		{6156107B-54A4-41B3-953D-A2C708A3C493}.Debug|Any CPU.ActiveCfg = Debug|Any CPU
		{6156107B-54A4-41B3-953D-A2C708A3C493}.Debug|Any CPU.Build.0 = Debug|Any CPU
		{6156107B-54A4-41B3-953D-A2C708A3C493}.Release|Any CPU.ActiveCfg = Release|Any CPU
		{6156107B-54A4-41B3-953D-A2C708A3C493}.Release|Any CPU.Build.0 = Release|Any CPU
	EndGlobalSection
	GlobalSection(SolutionProperties) = preSolution
		HideSolutionNode = FALSE
	EndGlobalSection
EndGlobal
